// !$*UTF8*$!
{
	archiveVersion = 1;
	classes = {
	};
	objectVersion = 56;
	objects = {

/* Begin PBXBuildFile section */
		839B07802B3BC0E70018A086 /* Separation_of_concernsApp.swift in Sources */ = {isa = PBXBuildFile; fileRef = 839B077F2B3BC0E70018A086 /* Separation_of_concernsApp.swift */; };
		839B07822B3BC0E70018A086 /* ContentView.swift in Sources */ = {isa = PBXBuildFile; fileRef = 839B07812B3BC0E70018A086 /* ContentView.swift */; };
		839B07842B3BC0E80018A086 /* Assets.xcassets in Resources */ = {isa = PBXBuildFile; fileRef = 839B07832B3BC0E80018A086 /* Assets.xcassets */; };
		839B07872B3BC0E80018A086 /* Preview Assets.xcassets in Resources */ = {isa = PBXBuildFile; fileRef = 839B07862B3BC0E80018A086 /* Preview Assets.xcassets */; };
		839B07912B3BC0E90018A086 /* Separation_of_concernsTests.swift in Sources */ = {isa = PBXBuildFile; fileRef = 839B07902B3BC0E90018A086 /* Separation_of_concernsTests.swift */; };
		839B079B2B3BC0E90018A086 /* Separation_of_concernsUITests.swift in Sources */ = {isa = PBXBuildFile; fileRef = 839B079A2B3BC0E90018A086 /* Separation_of_concernsUITests.swift */; };
		839B079D2B3BC0E90018A086 /* Separation_of_concernsUITestsLaunchTests.swift in Sources */ = {isa = PBXBuildFile; fileRef = 839B079C2B3BC0E90018A086 /* Separation_of_concernsUITestsLaunchTests.swift */; };
/* End PBXBuildFile section */

/* Begin PBXContainerItemProxy section */
		839B078D2B3BC0E90018A086 /* PBXContainerItemProxy */ = {
			isa = PBXContainerItemProxy;
			containerPortal = 839B07742B3BC0E60018A086 /* Project object */;
			proxyType = 1;
			remoteGlobalIDString = 839B077B2B3BC0E70018A086;
			remoteInfo = "Separation of concerns";
		};
		839B07972B3BC0E90018A086 /* PBXContainerItemProxy */ = {
			isa = PBXContainerItemProxy;
			containerPortal = 839B07742B3BC0E60018A086 /* Project object */;
			proxyType = 1;
			remoteGlobalIDString = 839B077B2B3BC0E70018A086;
			remoteInfo = "Separation of concerns";
		};
/* End PBXContainerItemProxy section */

/* Begin PBXFileReference section */
		839B077C2B3BC0E70018A086 /* Separation of concerns.app */ = {isa = PBXFileReference; explicitFileType = wrapper.application; includeInIndex = 0; path = "Separation of concerns.app"; sourceTree = BUILT_PRODUCTS_DIR; };
		839B077F2B3BC0E70018A086 /* Separation_of_concernsApp.swift */ = {isa = PBXFileReference; lastKnownFileType = sourcecode.swift; path = Separation_of_concernsApp.swift; sourceTree = "<group>"; };
		839B07812B3BC0E70018A086 /* ContentView.swift */ = {isa = PBXFileReference; lastKnownFileType = sourcecode.swift; path = ContentView.swift; sourceTree = "<group>"; };
		839B07832B3BC0E80018A086 /* Assets.xcassets */ = {isa = PBXFileReference; lastKnownFileType = folder.assetcatalog; path = Assets.xcassets; sourceTree = "<group>"; };
		839B07862B3BC0E80018A086 /* Preview Assets.xcassets */ = {isa = PBXFileReference; lastKnownFileType = folder.assetcatalog; path = "Preview Assets.xcassets"; sourceTree = "<group>"; };
		839B078C2B3BC0E90018A086 /* Separation of concernsTests.xctest */ = {isa = PBXFileReference; explicitFileType = wrapper.cfbundle; includeInIndex = 0; path = "Separation of concernsTests.xctest"; sourceTree = BUILT_PRODUCTS_DIR; };
		839B07902B3BC0E90018A086 /* Separation_of_concernsTests.swift */ = {isa = PBXFileReference; lastKnownFileType = sourcecode.swift; path = Separation_of_concernsTests.swift; sourceTree = "<group>"; };
		839B07962B3BC0E90018A086 /* Separation of concernsUITests.xctest */ = {isa = PBXFileReference; explicitFileType = wrapper.cfbundle; includeInIndex = 0; path = "Separation of concernsUITests.xctest"; sourceTree = BUILT_PRODUCTS_DIR; };
		839B079A2B3BC0E90018A086 /* Separation_of_concernsUITests.swift */ = {isa = PBXFileReference; lastKnownFileType = sourcecode.swift; path = Separation_of_concernsUITests.swift; sourceTree = "<group>"; };
		839B079C2B3BC0E90018A086 /* Separation_of_concernsUITestsLaunchTests.swift */ = {isa = PBXFileReference; lastKnownFileType = sourcecode.swift; path = Separation_of_concernsUITestsLaunchTests.swift; sourceTree = "<group>"; };
/* End PBXFileReference section */

/* Begin PBXFrameworksBuildPhase section */
		839B07792B3BC0E70018A086 /* Frameworks */ = {
			isa = PBXFrameworksBuildPhase;
			buildActionMask = 2147483647;
			files = (
			);
			runOnlyForDeploymentPostprocessing = 0;
		};
		839B07892B3BC0E90018A086 /* Frameworks */ = {
			isa = PBXFrameworksBuildPhase;
			buildActionMask = 2147483647;
			files = (
			);
			runOnlyForDeploymentPostprocessing = 0;
		};
		839B07932B3BC0E90018A086 /* Frameworks */ = {
			isa = PBXFrameworksBuildPhase;
			buildActionMask = 2147483647;
			files = (
			);
			runOnlyForDeploymentPostprocessing = 0;
		};
/* End PBXFrameworksBuildPhase section */

/* Begin PBXGroup section */
		839B07732B3BC0E60018A086 = {
			isa = PBXGroup;
			children = (
				839B077E2B3BC0E70018A086 /* Separation of concerns */,
				839B078F2B3BC0E90018A086 /* Separation of concernsTests */,
				839B07992B3BC0E90018A086 /* Separation of concernsUITests */,
				839B077D2B3BC0E70018A086 /* Products */,
			);
			sourceTree = "<group>";
		};
		839B077D2B3BC0E70018A086 /* Products */ = {
			isa = PBXGroup;
			children = (
				839B077C2B3BC0E70018A086 /* Separation of concerns.app */,
				839B078C2B3BC0E90018A086 /* Separation of concernsTests.xctest */,
				839B07962B3BC0E90018A086 /* Separation of concernsUITests.xctest */,
			);
			name = Products;
			sourceTree = "<group>";
		};
		839B077E2B3BC0E70018A086 /* Separation of concerns */ = {
			isa = PBXGroup;
			children = (
				839B077F2B3BC0E70018A086 /* Separation_of_concernsApp.swift */,
				839B07812B3BC0E70018A086 /* ContentView.swift */,
				839B07832B3BC0E80018A086 /* Assets.xcassets */,
				839B07852B3BC0E80018A086 /* Preview Content */,
			);
			path = "Separation of concerns";
			sourceTree = "<group>";
		};
		839B07852B3BC0E80018A086 /* Preview Content */ = {
			isa = PBXGroup;
			children = (
				839B07862B3BC0E80018A086 /* Preview Assets.xcassets */,
			);
			path = "Preview Content";
			sourceTree = "<group>";
		};
		839B078F2B3BC0E90018A086 /* Separation of concernsTests */ = {
			isa = PBXGroup;
			children = (
				839B07902B3BC0E90018A086 /* Separation_of_concernsTests.swift */,
			);
			path = "Separation of concernsTests";
			sourceTree = "<group>";
		};
		839B07992B3BC0E90018A086 /* Separation of concernsUITests */ = {
			isa = PBXGroup;
			children = (
				839B079A2B3BC0E90018A086 /* Separation_of_concernsUITests.swift */,
				839B079C2B3BC0E90018A086 /* Separation_of_concernsUITestsLaunchTests.swift */,
			);
			path = "Separation of concernsUITests";
			sourceTree = "<group>";
		};
/* End PBXGroup section */

/* Begin PBXNativeTarget section */
		839B077B2B3BC0E70018A086 /* Separation of concerns */ = {
			isa = PBXNativeTarget;
			buildConfigurationList = 839B07A02B3BC0E90018A086 /* Build configuration list for PBXNativeTarget "Separation of concerns" */;
			buildPhases = (
				839B07782B3BC0E70018A086 /* Sources */,
				839B07792B3BC0E70018A086 /* Frameworks */,
				839B077A2B3BC0E70018A086 /* Resources */,
			);
			buildRules = (
			);
			dependencies = (
			);
			name = "Separation of concerns";
			productName = "Separation of concerns";
			productReference = 839B077C2B3BC0E70018A086 /* Separation of concerns.app */;
			productType = "com.apple.product-type.application";
		};
		839B078B2B3BC0E90018A086 /* Separation of concernsTests */ = {
			isa = PBXNativeTarget;
			buildConfigurationList = 839B07A32B3BC0E90018A086 /* Build configuration list for PBXNativeTarget "Separation of concernsTests" */;
			buildPhases = (
				839B07882B3BC0E90018A086 /* Sources */,
				839B07892B3BC0E90018A086 /* Frameworks */,
				839B078A2B3BC0E90018A086 /* Resources */,
			);
			buildRules = (
			);
			dependencies = (
				839B078E2B3BC0E90018A086 /* PBXTargetDependency */,
			);
			name = "Separation of concernsTests";
			productName = "Separation of concernsTests";
			productReference = 839B078C2B3BC0E90018A086 /* Separation of concernsTests.xctest */;
			productType = "com.apple.product-type.bundle.unit-test";
		};
		839B07952B3BC0E90018A086 /* Separation of concernsUITests */ = {
			isa = PBXNativeTarget;
			buildConfigurationList = 839B07A62B3BC0E90018A086 /* Build configuration list for PBXNativeTarget "Separation of concernsUITests" */;
			buildPhases = (
				839B07922B3BC0E90018A086 /* Sources */,
				839B07932B3BC0E90018A086 /* Frameworks */,
				839B07942B3BC0E90018A086 /* Resources */,
			);
			buildRules = (
			);
			dependencies = (
				839B07982B3BC0E90018A086 /* PBXTargetDependency */,
			);
			name = "Separation of concernsUITests";
			productName = "Separation of concernsUITests";
			productReference = 839B07962B3BC0E90018A086 /* Separation of concernsUITests.xctest */;
			productType = "com.apple.product-type.bundle.ui-testing";
		};
/* End PBXNativeTarget section */

/* Begin PBXProject section */
		839B07742B3BC0E60018A086 /* Project object */ = {
			isa = PBXProject;
			attributes = {
				BuildIndependentTargetsInParallel = 1;
				LastSwiftUpdateCheck = 1500;
				LastUpgradeCheck = 1500;
				TargetAttributes = {
					839B077B2B3BC0E70018A086 = {
						CreatedOnToolsVersion = 15.0;
					};
					839B078B2B3BC0E90018A086 = {
						CreatedOnToolsVersion = 15.0;
						TestTargetID = 839B077B2B3BC0E70018A086;
					};
					839B07952B3BC0E90018A086 = {
						CreatedOnToolsVersion = 15.0;
						TestTargetID = 839B077B2B3BC0E70018A086;
					};
				};
			};
			buildConfigurationList = 839B07772B3BC0E60018A086 /* Build configuration list for PBXProject "Separation of concerns" */;
			compatibilityVersion = "Xcode 14.0";
			developmentRegion = en;
			hasScannedForEncodings = 0;
			knownRegions = (
				en,
				Base,
			);
			mainGroup = 839B07732B3BC0E60018A086;
			productRefGroup = 839B077D2B3BC0E70018A086 /* Products */;
			projectDirPath = "";
			projectRoot = "";
			targets = (
				839B077B2B3BC0E70018A086 /* Separation of concerns */,
				839B078B2B3BC0E90018A086 /* Separation of concernsTests */,
				839B07952B3BC0E90018A086 /* Separation of concernsUITests */,
			);
		};
/* End PBXProject section */

/* Begin PBXResourcesBuildPhase section */
		839B077A2B3BC0E70018A086 /* Resources */ = {
			isa = PBXResourcesBuildPhase;
			buildActionMask = 2147483647;
			files = (
				839B07872B3BC0E80018A086 /* Preview Assets.xcassets in Resources */,
				839B07842B3BC0E80018A086 /* Assets.xcassets in Resources */,
			);
			runOnlyForDeploymentPostprocessing = 0;
		};
		839B078A2B3BC0E90018A086 /* Resources */ = {
			isa = PBXResourcesBuildPhase;
			buildActionMask = 2147483647;
			files = (
			);
			runOnlyForDeploymentPostprocessing = 0;
		};
		839B07942B3BC0E90018A086 /* Resources */ = {
			isa = PBXResourcesBuildPhase;
			buildActionMask = 2147483647;
			files = (
			);
			runOnlyForDeploymentPostprocessing = 0;
		};
/* End PBXResourcesBuildPhase section */

/* Begin PBXSourcesBuildPhase section */
		839B07782B3BC0E70018A086 /* Sources */ = {
			isa = PBXSourcesBuildPhase;
			buildActionMask = 2147483647;
			files = (
				839B07822B3BC0E70018A086 /* ContentView.swift in Sources */,
				839B07802B3BC0E70018A086 /* Separation_of_concernsApp.swift in Sources */,
			);
			runOnlyForDeploymentPostprocessing = 0;
		};
		839B07882B3BC0E90018A086 /* Sources */ = {
			isa = PBXSourcesBuildPhase;
			buildActionMask = 2147483647;
			files = (
				839B07912B3BC0E90018A086 /* Separation_of_concernsTests.swift in Sources */,
			);
			runOnlyForDeploymentPostprocessing = 0;
		};
		839B07922B3BC0E90018A086 /* Sources */ = {
			isa = PBXSourcesBuildPhase;
			buildActionMask = 2147483647;
			files = (
				839B079D2B3BC0E90018A086 /* Separation_of_concernsUITestsLaunchTests.swift in Sources */,
				839B079B2B3BC0E90018A086 /* Separation_of_concernsUITests.swift in Sources */,
			);
			runOnlyForDeploymentPostprocessing = 0;
		};
/* End PBXSourcesBuildPhase section */

/* Begin PBXTargetDependency section */
		839B078E2B3BC0E90018A086 /* PBXTargetDependency */ = {
			isa = PBXTargetDependency;
			target = 839B077B2B3BC0E70018A086 /* Separation of concerns */;
			targetProxy = 839B078D2B3BC0E90018A086 /* PBXContainerItemProxy */;
		};
		839B07982B3BC0E90018A086 /* PBXTargetDependency */ = {
			isa = PBXTargetDependency;
			target = 839B077B2B3BC0E70018A086 /* Separation of concerns */;
			targetProxy = 839B07972B3BC0E90018A086 /* PBXContainerItemProxy */;
		};
/* End PBXTargetDependency section */

/* Begin XCBuildConfiguration section */
		839B079E2B3BC0E90018A086 /* Debug */ = {
			isa = XCBuildConfiguration;
			buildSettings = {
				ALWAYS_SEARCH_USER_PATHS = NO;
				ASSETCATALOG_COMPILER_GENERATE_SWIFT_ASSET_SYMBOL_EXTENSIONS = YES;
				CLANG_ANALYZER_NONNULL = YES;
				CLANG_ANALYZER_NUMBER_OBJECT_CONVERSION = YES_AGGRESSIVE;
				CLANG_CXX_LANGUAGE_STANDARD = "gnu++20";
				CLANG_ENABLE_MODULES = YES;
				CLANG_ENABLE_OBJC_ARC = YES;
				CLANG_ENABLE_OBJC_WEAK = YES;
				CLANG_WARN_BLOCK_CAPTURE_AUTORELEASING = YES;
				CLANG_WARN_BOOL_CONVERSION = YES;
				CLANG_WARN_COMMA = YES;
				CLANG_WARN_CONSTANT_CONVERSION = YES;
				CLANG_WARN_DEPRECATED_OBJC_IMPLEMENTATIONS = YES;
				CLANG_WARN_DIRECT_OBJC_ISA_USAGE = YES_ERROR;
				CLANG_WARN_DOCUMENTATION_COMMENTS = YES;
				CLANG_WARN_EMPTY_BODY = YES;
				CLANG_WARN_ENUM_CONVERSION = YES;
				CLANG_WARN_INFINITE_RECURSION = YES;
				CLANG_WARN_INT_CONVERSION = YES;
				CLANG_WARN_NON_LITERAL_NULL_CONVERSION = YES;
				CLANG_WARN_OBJC_IMPLICIT_RETAIN_SELF = YES;
				CLANG_WARN_OBJC_LITERAL_CONVERSION = YES;
				CLANG_WARN_OBJC_ROOT_CLASS = YES_ERROR;
				CLANG_WARN_QUOTED_INCLUDE_IN_FRAMEWORK_HEADER = YES;
				CLANG_WARN_RANGE_LOOP_ANALYSIS = YES;
				CLANG_WARN_STRICT_PROTOTYPES = YES;
				CLANG_WARN_SUSPICIOUS_MOVE = YES;
				CLANG_WARN_UNGUARDED_AVAILABILITY = YES_AGGRESSIVE;
				CLANG_WARN_UNREACHABLE_CODE = YES;
				CLANG_WARN__DUPLICATE_METHOD_MATCH = YES;
				COPY_PHASE_STRIP = NO;
				DEBUG_INFORMATION_FORMAT = dwarf;
				ENABLE_STRICT_OBJC_MSGSEND = YES;
				ENABLE_TESTABILITY = YES;
				ENABLE_USER_SCRIPT_SANDBOXING = YES;
				GCC_C_LANGUAGE_STANDARD = gnu17;
				GCC_DYNAMIC_NO_PIC = NO;
				GCC_NO_COMMON_BLOCKS = YES;
				GCC_OPTIMIZATION_LEVEL = 0;
				GCC_PREPROCESSOR_DEFINITIONS = (
					"DEBUG=1",
					"$(inherited)",
				);
				GCC_WARN_64_TO_32_BIT_CONVERSION = YES;
				GCC_WARN_ABOUT_RETURN_TYPE = YES_ERROR;
				GCC_WARN_UNDECLARED_SELECTOR = YES;
				GCC_WARN_UNINITIALIZED_AUTOS = YES_AGGRESSIVE;
				GCC_WARN_UNUSED_FUNCTION = YES;
				GCC_WARN_UNUSED_VARIABLE = YES;
				IPHONEOS_DEPLOYMENT_TARGET = 17.0;
				LOCALIZATION_PREFERS_STRING_CATALOGS = YES;
				MTL_ENABLE_DEBUG_INFO = INCLUDE_SOURCE;
				MTL_FAST_MATH = YES;
				ONLY_ACTIVE_ARCH = YES;
				SDKROOT = iphoneos;
				SWIFT_ACTIVE_COMPILATION_CONDITIONS = "DEBUG $(inherited)";
				SWIFT_OPTIMIZATION_LEVEL = "-Onone";
			};
			name = Debug;
		};
		839B079F2B3BC0E90018A086 /* Release */ = {
			isa = XCBuildConfiguration;
			buildSettings = {
				ALWAYS_SEARCH_USER_PATHS = NO;
				ASSETCATALOG_COMPILER_GENERATE_SWIFT_ASSET_SYMBOL_EXTENSIONS = YES;
				CLANG_ANALYZER_NONNULL = YES;
				CLANG_ANALYZER_NUMBER_OBJECT_CONVERSION = YES_AGGRESSIVE;
				CLANG_CXX_LANGUAGE_STANDARD = "gnu++20";
				CLANG_ENABLE_MODULES = YES;
				CLANG_ENABLE_OBJC_ARC = YES;
				CLANG_ENABLE_OBJC_WEAK = YES;
				CLANG_WARN_BLOCK_CAPTURE_AUTORELEASING = YES;
				CLANG_WARN_BOOL_CONVERSION = YES;
				CLANG_WARN_COMMA = YES;
				CLANG_WARN_CONSTANT_CONVERSION = YES;
				CLANG_WARN_DEPRECATED_OBJC_IMPLEMENTATIONS = YES;
				CLANG_WARN_DIRECT_OBJC_ISA_USAGE = YES_ERROR;
				CLANG_WARN_DOCUMENTATION_COMMENTS = YES;
				CLANG_WARN_EMPTY_BODY = YES;
				CLANG_WARN_ENUM_CONVERSION = YES;
				CLANG_WARN_INFINITE_RECURSION = YES;
				CLANG_WARN_INT_CONVERSION = YES;
				CLANG_WARN_NON_LITERAL_NULL_CONVERSION = YES;
				CLANG_WARN_OBJC_IMPLICIT_RETAIN_SELF = YES;
				CLANG_WARN_OBJC_LITERAL_CONVERSION = YES;
				CLANG_WARN_OBJC_ROOT_CLASS = YES_ERROR;
				CLANG_WARN_QUOTED_INCLUDE_IN_FRAMEWORK_HEADER = YES;
				CLANG_WARN_RANGE_LOOP_ANALYSIS = YES;
				CLANG_WARN_STRICT_PROTOTYPES = YES;
				CLANG_WARN_SUSPICIOUS_MOVE = YES;
				CLANG_WARN_UNGUARDED_AVAILABILITY = YES_AGGRESSIVE;
				CLANG_WARN_UNREACHABLE_CODE = YES;
				CLANG_WARN__DUPLICATE_METHOD_MATCH = YES;
				COPY_PHASE_STRIP = NO;
				DEBUG_INFORMATION_FORMAT = "dwarf-with-dsym";
				ENABLE_NS_ASSERTIONS = NO;
				ENABLE_STRICT_OBJC_MSGSEND = YES;
				ENABLE_USER_SCRIPT_SANDBOXING = YES;
				GCC_C_LANGUAGE_STANDARD = gnu17;
				GCC_NO_COMMON_BLOCKS = YES;
				GCC_WARN_64_TO_32_BIT_CONVERSION = YES;
				GCC_WARN_ABOUT_RETURN_TYPE = YES_ERROR;
				GCC_WARN_UNDECLARED_SELECTOR = YES;
				GCC_WARN_UNINITIALIZED_AUTOS = YES_AGGRESSIVE;
				GCC_WARN_UNUSED_FUNCTION = YES;
				GCC_WARN_UNUSED_VARIABLE = YES;
				IPHONEOS_DEPLOYMENT_TARGET = 17.0;
				LOCALIZATION_PREFERS_STRING_CATALOGS = YES;
				MTL_ENABLE_DEBUG_INFO = NO;
				MTL_FAST_MATH = YES;
				SDKROOT = iphoneos;
				SWIFT_COMPILATION_MODE = wholemodule;
				VALIDATE_PRODUCT = YES;
			};
			name = Release;
		};
		839B07A12B3BC0E90018A086 /* Debug */ = {
			isa = XCBuildConfiguration;
			buildSettings = {
				ASSETCATALOG_COMPILER_APPICON_NAME = AppIcon;
				ASSETCATALOG_COMPILER_GLOBAL_ACCENT_COLOR_NAME = AccentColor;
				CODE_SIGN_STYLE = Automatic;
				CURRENT_PROJECT_VERSION = 1;
				DEVELOPMENT_ASSET_PATHS = "\"Separation of concerns/Preview Content\"";
				DEVELOPMENT_TEAM = 9H7DRZY698;
				ENABLE_PREVIEWS = YES;
				GENERATE_INFOPLIST_FILE = YES;
				INFOPLIST_KEY_UIApplicationSceneManifest_Generation = YES;
				INFOPLIST_KEY_UIApplicationSupportsIndirectInputEvents = YES;
				INFOPLIST_KEY_UILaunchScreen_Generation = YES;
				INFOPLIST_KEY_UISupportedInterfaceOrientations_iPad = "UIInterfaceOrientationPortrait UIInterfaceOrientationPortraitUpsideDown UIInterfaceOrientationLandscapeLeft UIInterfaceOrientationLandscapeRight";
				INFOPLIST_KEY_UISupportedInterfaceOrientations_iPhone = "UIInterfaceOrientationPortrait UIInterfaceOrientationLandscapeLeft UIInterfaceOrientationLandscapeRight";
				LD_RUNPATH_SEARCH_PATHS = (
					"$(inherited)",
					"@executable_path/Frameworks",
				);
				MARKETING_VERSION = 1.0;
				PRODUCT_BUNDLE_IDENTIFIER = "ca.dliu.Separation-of-concerns";
				PRODUCT_NAME = "$(TARGET_NAME)";
				SWIFT_EMIT_LOC_STRINGS = YES;
				SWIFT_VERSION = 5.0;
				TARGETED_DEVICE_FAMILY = "1,2";
			};
			name = Debug;
		};
		839B07A22B3BC0E90018A086 /* Release */ = {
			isa = XCBuildConfiguration;
			buildSettings = {
				ASSETCATALOG_COMPILER_APPICON_NAME = AppIcon;
				ASSETCATALOG_COMPILER_GLOBAL_ACCENT_COLOR_NAME = AccentColor;
				CODE_SIGN_STYLE = Automatic;
				CURRENT_PROJECT_VERSION = 1;
				DEVELOPMENT_ASSET_PATHS = "\"Separation of concerns/Preview Content\"";
				DEVELOPMENT_TEAM = 9H7DRZY698;
				ENABLE_PREVIEWS = YES;
				GENERATE_INFOPLIST_FILE = YES;
				INFOPLIST_KEY_UIApplicationSceneManifest_Generation = YES;
				INFOPLIST_KEY_UIApplicationSupportsIndirectInputEvents = YES;
				INFOPLIST_KEY_UILaunchScreen_Generation = YES;
				INFOPLIST_KEY_UISupportedInterfaceOrientations_iPad = "UIInterfaceOrientationPortrait UIInterfaceOrientationPortraitUpsideDown UIInterfaceOrientationLandscapeLeft UIInterfaceOrientationLandscapeRight";
				INFOPLIST_KEY_UISupportedInterfaceOrientations_iPhone = "UIInterfaceOrientationPortrait UIInterfaceOrientationLandscapeLeft UIInterfaceOrientationLandscapeRight";
				LD_RUNPATH_SEARCH_PATHS = (
					"$(inherited)",
					"@executable_path/Frameworks",
				);
				MARKETING_VERSION = 1.0;
				PRODUCT_BUNDLE_IDENTIFIER = "ca.dliu.Separation-of-concerns";
				PRODUCT_NAME = "$(TARGET_NAME)";
				SWIFT_EMIT_LOC_STRINGS = YES;
				SWIFT_VERSION = 5.0;
				TARGETED_DEVICE_FAMILY = "1,2";
			};
			name = Release;
		};
		839B07A42B3BC0E90018A086 /* Debug */ = {
			isa = XCBuildConfiguration;
			buildSettings = {
				ALWAYS_EMBED_SWIFT_STANDARD_LIBRARIES = YES;
				BUNDLE_LOADER = "$(TEST_HOST)";
				CODE_SIGN_STYLE = Automatic;
				CURRENT_PROJECT_VERSION = 1;
				DEVELOPMENT_TEAM = 9H7DRZY698;
				GENERATE_INFOPLIST_FILE = YES;
				IPHONEOS_DEPLOYMENT_TARGET = 17.0;
				MARKETING_VERSION = 1.0;
				PRODUCT_BUNDLE_IDENTIFIER = "ca.dliu.Separation-of-concernsTests";
				PRODUCT_NAME = "$(TARGET_NAME)";
				SWIFT_EMIT_LOC_STRINGS = NO;
				SWIFT_VERSION = 5.0;
				TARGETED_DEVICE_FAMILY = "1,2";
				TEST_HOST = "$(BUILT_PRODUCTS_DIR)/Separation of concerns.app/$(BUNDLE_EXECUTABLE_FOLDER_PATH)/Separation of concerns";
			};
			name = Debug;
		};
		839B07A52B3BC0E90018A086 /* Release */ = {
			isa = XCBuildConfiguration;
			buildSettings = {
				ALWAYS_EMBED_SWIFT_STANDARD_LIBRARIES = YES;
				BUNDLE_LOADER = "$(TEST_HOST)";
				CODE_SIGN_STYLE = Automatic;
				CURRENT_PROJECT_VERSION = 1;
				DEVELOPMENT_TEAM = 9H7DRZY698;
				GENERATE_INFOPLIST_FILE = YES;
				IPHONEOS_DEPLOYMENT_TARGET = 17.0;
				MARKETING_VERSION = 1.0;
				PRODUCT_BUNDLE_IDENTIFIER = "ca.dliu.Separation-of-concernsTests";
				PRODUCT_NAME = "$(TARGET_NAME)";
				SWIFT_EMIT_LOC_STRINGS = NO;
				SWIFT_VERSION = 5.0;
				TARGETED_DEVICE_FAMILY = "1,2";
				TEST_HOST = "$(BUILT_PRODUCTS_DIR)/Separation of concerns.app/$(BUNDLE_EXECUTABLE_FOLDER_PATH)/Separation of concerns";
			};
			name = Release;
		};
		839B07A72B3BC0E90018A086 /* Debug */ = {
			isa = XCBuildConfiguration;
			buildSettings = {
				ALWAYS_EMBED_SWIFT_STANDARD_LIBRARIES = YES;
				CODE_SIGN_STYLE = Automatic;
				CURRENT_PROJECT_VERSION = 1;
				DEVELOPMENT_TEAM = 9H7DRZY698;
				GENERATE_INFOPLIST_FILE = YES;
				MARKETING_VERSION = 1.0;
				PRODUCT_BUNDLE_IDENTIFIER = "ca.dliu.Separation-of-concernsUITests";
				PRODUCT_NAME = "$(TARGET_NAME)";
				SWIFT_EMIT_LOC_STRINGS = NO;
				SWIFT_VERSION = 5.0;
				TARGETED_DEVICE_FAMILY = "1,2";
				TEST_TARGET_NAME = "Separation of concerns";
			};
			name = Debug;
		};
		839B07A82B3BC0E90018A086 /* Release */ = {
			isa = XCBuildConfiguration;
			buildSettings = {
				ALWAYS_EMBED_SWIFT_STANDARD_LIBRARIES = YES;
				CODE_SIGN_STYLE = Automatic;
				CURRENT_PROJECT_VERSION = 1;
				DEVELOPMENT_TEAM = 9H7DRZY698;
				GENERATE_INFOPLIST_FILE = YES;
				MARKETING_VERSION = 1.0;
				PRODUCT_BUNDLE_IDENTIFIER = "ca.dliu.Separation-of-concernsUITests";
				PRODUCT_NAME = "$(TARGET_NAME)";
				SWIFT_EMIT_LOC_STRINGS = NO;
				SWIFT_VERSION = 5.0;
				TARGETED_DEVICE_FAMILY = "1,2";
				TEST_TARGET_NAME = "Separation of concerns";
			};
			name = Release;
		};
/* End XCBuildConfiguration section */

/* Begin XCConfigurationList section */
		839B07772B3BC0E60018A086 /* Build configuration list for PBXProject "Separation of concerns" */ = {
			isa = XCConfigurationList;
			buildConfigurations = (
				839B079E2B3BC0E90018A086 /* Debug */,
				839B079F2B3BC0E90018A086 /* Release */,
			);
			defaultConfigurationIsVisible = 0;
			defaultConfigurationName = Release;
		};
		839B07A02B3BC0E90018A086 /* Build configuration list for PBXNativeTarget "Separation of concerns" */ = {
			isa = XCConfigurationList;
			buildConfigurations = (
				839B07A12B3BC0E90018A086 /* Debug */,
				839B07A22B3BC0E90018A086 /* Release */,
			);
			defaultConfigurationIsVisible = 0;
			defaultConfigurationName = Release;
		};
		839B07A32B3BC0E90018A086 /* Build configuration list for PBXNativeTarget "Separation of concernsTests" */ = {
			isa = XCConfigurationList;
			buildConfigurations = (
				839B07A42B3BC0E90018A086 /* Debug */,
				839B07A52B3BC0E90018A086 /* Release */,
			);
			defaultConfigurationIsVisible = 0;
			defaultConfigurationName = Release;
		};
		839B07A62B3BC0E90018A086 /* Build configuration list for PBXNativeTarget "Separation of concernsUITests" */ = {
			isa = XCConfigurationList;
			buildConfigurations = (
				839B07A72B3BC0E90018A086 /* Debug */,
				839B07A82B3BC0E90018A086 /* Release */,
			);
			defaultConfigurationIsVisible = 0;
			defaultConfigurationName = Release;
		};
/* End XCConfigurationList section */
	};
	rootObject = 839B07742B3BC0E60018A086 /* Project object */;
}
